// !$*UTF8*$!
{
	archiveVersion = 1;
	classes = {
	};
	objectVersion = 55;
	objects = {

/* Begin PBXBuildFile section */
		ACC676DE27C4F29700926C71 /* AppDelegate.swift in Sources */ = {isa = PBXBuildFile; fileRef = ACC676DD27C4F29700926C71 /* AppDelegate.swift */; };
		ACC676E027C4F29700926C71 /* SceneDelegate.swift in Sources */ = {isa = PBXBuildFile; fileRef = ACC676DF27C4F29700926C71 /* SceneDelegate.swift */; };
		ACC676E527C4F29700926C71 /* Main.storyboard in Resources */ = {isa = PBXBuildFile; fileRef = ACC676E327C4F29700926C71 /* Main.storyboard */; };
		ACC676E827C4F29700926C71 /* TestApp.xcdatamodeld in Sources */ = {isa = PBXBuildFile; fileRef = ACC676E627C4F29700926C71 /* TestApp.xcdatamodeld */; };
		ACC676EA27C4F29900926C71 /* Assets.xcassets in Resources */ = {isa = PBXBuildFile; fileRef = ACC676E927C4F29900926C71 /* Assets.xcassets */; };
		ACC676ED27C4F29900926C71 /* LaunchScreen.storyboard in Resources */ = {isa = PBXBuildFile; fileRef = ACC676EB27C4F29900926C71 /* LaunchScreen.storyboard */; };
		ACC676F527C4F5DE00926C71 /* HomeVC.swift in Sources */ = {isa = PBXBuildFile; fileRef = ACC676F427C4F5DD00926C71 /* HomeVC.swift */; };
		ACC676F727C4F63B00926C71 /* Extension.swift in Sources */ = {isa = PBXBuildFile; fileRef = ACC676F627C4F63B00926C71 /* Extension.swift */; };
		ACC676F927C4FAA200926C71 /* LoginVC.swift in Sources */ = {isa = PBXBuildFile; fileRef = ACC676F827C4FAA200926C71 /* LoginVC.swift */; };
		ACC676FB27C506D200926C71 /* RegVC.swift in Sources */ = {isa = PBXBuildFile; fileRef = ACC676FA27C506D200926C71 /* RegVC.swift */; };
		ACC676FD27C5083000926C71 /* coreDataHandler.swift in Sources */ = {isa = PBXBuildFile; fileRef = ACC676FC27C5083000926C71 /* coreDataHandler.swift */; };
		ACDF9E4827C521ED008B53A5 /* AddNoteVC.swift in Sources */ = {isa = PBXBuildFile; fileRef = ACDF9E4727C521ED008B53A5 /* AddNoteVC.swift */; };
/* End PBXBuildFile section */

/* Begin PBXFileReference section */
		ACC676DA27C4F29700926C71 /* TestApp.app */ = {isa = PBXFileReference; explicitFileType = wrapper.application; includeInIndex = 0; path = TestApp.app; sourceTree = BUILT_PRODUCTS_DIR; };
		ACC676DD27C4F29700926C71 /* AppDelegate.swift */ = {isa = PBXFileReference; lastKnownFileType = sourcecode.swift; path = AppDelegate.swift; sourceTree = "<group>"; };
		ACC676DF27C4F29700926C71 /* SceneDelegate.swift */ = {isa = PBXFileReference; lastKnownFileType = sourcecode.swift; path = SceneDelegate.swift; sourceTree = "<group>"; };
		ACC676E427C4F29700926C71 /* Base */ = {isa = PBXFileReference; lastKnownFileType = file.storyboard; name = Base; path = Base.lproj/Main.storyboard; sourceTree = "<group>"; };
		ACC676E727C4F29700926C71 /* TestApp.xcdatamodel */ = {isa = PBXFileReference; lastKnownFileType = wrapper.xcdatamodel; path = TestApp.xcdatamodel; sourceTree = "<group>"; };
		ACC676E927C4F29900926C71 /* Assets.xcassets */ = {isa = PBXFileReference; lastKnownFileType = folder.assetcatalog; path = Assets.xcassets; sourceTree = "<group>"; };
		ACC676EC27C4F29900926C71 /* Base */ = {isa = PBXFileReference; lastKnownFileType = file.storyboard; name = Base; path = Base.lproj/LaunchScreen.storyboard; sourceTree = "<group>"; };
		ACC676EE27C4F29900926C71 /* Info.plist */ = {isa = PBXFileReference; lastKnownFileType = text.plist.xml; path = Info.plist; sourceTree = "<group>"; };
		ACC676F427C4F5DD00926C71 /* HomeVC.swift */ = {isa = PBXFileReference; lastKnownFileType = sourcecode.swift; path = HomeVC.swift; sourceTree = "<group>"; };
		ACC676F627C4F63B00926C71 /* Extension.swift */ = {isa = PBXFileReference; lastKnownFileType = sourcecode.swift; path = Extension.swift; sourceTree = "<group>"; };
		ACC676F827C4FAA200926C71 /* LoginVC.swift */ = {isa = PBXFileReference; lastKnownFileType = sourcecode.swift; path = LoginVC.swift; sourceTree = "<group>"; };
		ACC676FA27C506D200926C71 /* RegVC.swift */ = {isa = PBXFileReference; lastKnownFileType = sourcecode.swift; path = RegVC.swift; sourceTree = "<group>"; };
		ACC676FC27C5083000926C71 /* coreDataHandler.swift */ = {isa = PBXFileReference; lastKnownFileType = sourcecode.swift; path = coreDataHandler.swift; sourceTree = "<group>"; };
		ACDF9E4727C521ED008B53A5 /* AddNoteVC.swift */ = {isa = PBXFileReference; lastKnownFileType = sourcecode.swift; path = AddNoteVC.swift; sourceTree = "<group>"; };
/* End PBXFileReference section */

/* Begin PBXFrameworksBuildPhase section */
		ACC676D727C4F29700926C71 /* Frameworks */ = {
			isa = PBXFrameworksBuildPhase;
			buildActionMask = 2147483647;
			files = (
			);
			runOnlyForDeploymentPostprocessing = 0;
		};
/* End PBXFrameworksBuildPhase section */

/* Begin PBXGroup section */
		ACC676D127C4F29700926C71 = {
			isa = PBXGroup;
			children = (
				ACC676DC27C4F29700926C71 /* TestApp */,
				ACC676DB27C4F29700926C71 /* Products */,
			);
			sourceTree = "<group>";
		};
		ACC676DB27C4F29700926C71 /* Products */ = {
			isa = PBXGroup;
			children = (
				ACC676DA27C4F29700926C71 /* TestApp.app */,
			);
			name = Products;
			sourceTree = "<group>";
		};
		ACC676DC27C4F29700926C71 /* TestApp */ = {
			isa = PBXGroup;
			children = (
				ACC676DD27C4F29700926C71 /* AppDelegate.swift */,
				ACC676DF27C4F29700926C71 /* SceneDelegate.swift */,
				ACC676F827C4FAA200926C71 /* LoginVC.swift */,
				ACC676F427C4F5DD00926C71 /* HomeVC.swift */,
				ACC676F627C4F63B00926C71 /* Extension.swift */,
				ACC676FA27C506D200926C71 /* RegVC.swift */,
				ACC676FC27C5083000926C71 /* coreDataHandler.swift */,
				ACDF9E4727C521ED008B53A5 /* AddNoteVC.swift */,
				ACC676E327C4F29700926C71 /* Main.storyboard */,
				ACC676E927C4F29900926C71 /* Assets.xcassets */,
				ACC676EB27C4F29900926C71 /* LaunchScreen.storyboard */,
				ACC676EE27C4F29900926C71 /* Info.plist */,
				ACC676E627C4F29700926C71 /* TestApp.xcdatamodeld */,
			);
			path = TestApp;
			sourceTree = "<group>";
		};
/* End PBXGroup section */

/* Begin PBXNativeTarget section */
		ACC676D927C4F29700926C71 /* TestApp */ = {
			isa = PBXNativeTarget;
			buildConfigurationList = ACC676F127C4F29900926C71 /* Build configuration list for PBXNativeTarget "TestApp" */;
			buildPhases = (
				ACC676D627C4F29700926C71 /* Sources */,
				ACC676D727C4F29700926C71 /* Frameworks */,
				ACC676D827C4F29700926C71 /* Resources */,
			);
			buildRules = (
			);
			dependencies = (
			);
			name = TestApp;
			productName = TestApp;
			productReference = ACC676DA27C4F29700926C71 /* TestApp.app */;
			productType = "com.apple.product-type.application";
		};
/* End PBXNativeTarget section */

/* Begin PBXProject section */
		ACC676D227C4F29700926C71 /* Project object */ = {
			isa = PBXProject;
			attributes = {
				BuildIndependentTargetsInParallel = 1;
				LastSwiftUpdateCheck = 1320;
				LastUpgradeCheck = 1320;
				TargetAttributes = {
					ACC676D927C4F29700926C71 = {
						CreatedOnToolsVersion = 13.2.1;
					};
				};
			};
			buildConfigurationList = ACC676D527C4F29700926C71 /* Build configuration list for PBXProject "TestApp" */;
			compatibilityVersion = "Xcode 13.0";
			developmentRegion = en;
			hasScannedForEncodings = 0;
			knownRegions = (
				en,
				Base,
			);
			mainGroup = ACC676D127C4F29700926C71;
			productRefGroup = ACC676DB27C4F29700926C71 /* Products */;
			projectDirPath = "";
			projectRoot = "";
			targets = (
				ACC676D927C4F29700926C71 /* TestApp */,
			);
		};
/* End PBXProject section */

/* Begin PBXResourcesBuildPhase section */
		ACC676D827C4F29700926C71 /* Resources */ = {
			isa = PBXResourcesBuildPhase;
			buildActionMask = 2147483647;
			files = (
				ACC676ED27C4F29900926C71 /* LaunchScreen.storyboard in Resources */,
				ACC676EA27C4F29900926C71 /* Assets.xcassets in Resources */,
				ACC676E527C4F29700926C71 /* Main.storyboard in Resources */,
			);
			runOnlyForDeploymentPostprocessing = 0;
		};
/* End PBXResourcesBuildPhase section */

/* Begin PBXSourcesBuildPhase section */
		ACC676D627C4F29700926C71 /* Sources */ = {
			isa = PBXSourcesBuildPhase;
			buildActionMask = 2147483647;
			files = (
				ACC676FB27C506D200926C71 /* RegVC.swift in Sources */,
				ACC676FD27C5083000926C71 /* coreDataHandler.swift in Sources */,
				ACC676F727C4F63B00926C71 /* Extension.swift in Sources */,
				ACDF9E4827C521ED008B53A5 /* AddNoteVC.swift in Sources */,
				ACC676F527C4F5DE00926C71 /* HomeVC.swift in Sources */,
				ACC676F927C4FAA200926C71 /* LoginVC.swift in Sources */,
				ACC676E827C4F29700926C71 /* TestApp.xcdatamodeld in Sources */,
				ACC676DE27C4F29700926C71 /* AppDelegate.swift in Sources */,
				ACC676E027C4F29700926C71 /* SceneDelegate.swift in Sources */,
			);
			runOnlyForDeploymentPostprocessing = 0;
		};
/* End PBXSourcesBuildPhase section */

/* Begin PBXVariantGroup section */
		ACC676E327C4F29700926C71 /* Main.storyboard */ = {
			isa = PBXVariantGroup;
			children = (
				ACC676E427C4F29700926C71 /* Base */,
			);
			name = Main.storyboard;
			sourceTree = "<group>";
		};
		ACC676EB27C4F29900926C71 /* LaunchScreen.storyboard */ = {
			isa = PBXVariantGroup;
			children = (
				ACC676EC27C4F29900926C71 /* Base */,
			);
			name = LaunchScreen.storyboard;
			sourceTree = "<group>";
		};
/* End PBXVariantGroup section */

/* Begin XCBuildConfiguration section */
		ACC676EF27C4F29900926C71 /* Debug */ = {
			isa = XCBuildConfiguration;
			buildSettings = {
				ALWAYS_SEARCH_USER_PATHS = NO;
				CLANG_ANALYZER_NONNULL = YES;
				CLANG_ANALYZER_NUMBER_OBJECT_CONVERSION = YES_AGGRESSIVE;
				CLANG_CXX_LANGUAGE_STANDARD = "gnu++17";
				CLANG_CXX_LIBRARY = "libc++";
				CLANG_ENABLE_MODULES = YES;
				CLANG_ENABLE_OBJC_ARC = YES;
				CLANG_ENABLE_OBJC_WEAK = YES;
				CLANG_WARN_BLOCK_CAPTURE_AUTORELEASING = YES;
				CLANG_WARN_BOOL_CONVERSION = YES;
				CLANG_WARN_COMMA = YES;
				CLANG_WARN_CONSTANT_CONVERSION = YES;
				CLANG_WARN_DEPRECATED_OBJC_IMPLEMENTATIONS = YES;
				CLANG_WARN_DIRECT_OBJC_ISA_USAGE = YES_ERROR;
				CLANG_WARN_DOCUMENTATION_COMMENTS = YES;
				CLANG_WARN_EMPTY_BODY = YES;
				CLANG_WARN_ENUM_CONVERSION = YES;
				CLANG_WARN_INFINITE_RECURSION = YES;
				CLANG_WARN_INT_CONVERSION = YES;
				CLANG_WARN_NON_LITERAL_NULL_CONVERSION = YES;
				CLANG_WARN_OBJC_IMPLICIT_RETAIN_SELF = YES;
				CLANG_WARN_OBJC_LITERAL_CONVERSION = YES;
				CLANG_WARN_OBJC_ROOT_CLASS = YES_ERROR;
				CLANG_WARN_QUOTED_INCLUDE_IN_FRAMEWORK_HEADER = YES;
				CLANG_WARN_RANGE_LOOP_ANALYSIS = YES;
				CLANG_WARN_STRICT_PROTOTYPES = YES;
				CLANG_WARN_SUSPICIOUS_MOVE = YES;
				CLANG_WARN_UNGUARDED_AVAILABILITY = YES_AGGRESSIVE;
				CLANG_WARN_UNREACHABLE_CODE = YES;
				CLANG_WARN__DUPLICATE_METHOD_MATCH = YES;
				COPY_PHASE_STRIP = NO;
				DEBUG_INFORMATION_FORMAT = dwarf;
				ENABLE_STRICT_OBJC_MSGSEND = YES;
				ENABLE_TESTABILITY = YES;
				GCC_C_LANGUAGE_STANDARD = gnu11;
				GCC_DYNAMIC_NO_PIC = NO;
				GCC_NO_COMMON_BLOCKS = YES;
				GCC_OPTIMIZATION_LEVEL = 0;
				GCC_PREPROCESSOR_DEFINITIONS = (
					"DEBUG=1",
					"$(inherited)",
				);
				GCC_WARN_64_TO_32_BIT_CONVERSION = YES;
				GCC_WARN_ABOUT_RETURN_TYPE = YES_ERROR;
				GCC_WARN_UNDECLARED_SELECTOR = YES;
				GCC_WARN_UNINITIALIZED_AUTOS = YES_AGGRESSIVE;
				GCC_WARN_UNUSED_FUNCTION = YES;
				GCC_WARN_UNUSED_VARIABLE = YES;
				IPHONEOS_DEPLOYMENT_TARGET = 15.2;
				MTL_ENABLE_DEBUG_INFO = INCLUDE_SOURCE;
				MTL_FAST_MATH = YES;
				ONLY_ACTIVE_ARCH = YES;
				SDKROOT = iphoneos;
				SWIFT_ACTIVE_COMPILATION_CONDITIONS = DEBUG;
				SWIFT_OPTIMIZATION_LEVEL = "-Onone";
			};
			name = Debug;
		};
		ACC676F027C4F29900926C71 /* Release */ = {
			isa = XCBuildConfiguration;
			buildSettings = {
				ALWAYS_SEARCH_USER_PATHS = NO;
				CLANG_ANALYZER_NONNULL = YES;
				CLANG_ANALYZER_NUMBER_OBJECT_CONVERSION = YES_AGGRESSIVE;
				CLANG_CXX_LANGUAGE_STANDARD = "gnu++17";
				CLANG_CXX_LIBRARY = "libc++";
				CLANG_ENABLE_MODULES = YES;
				CLANG_ENABLE_OBJC_ARC = YES;
				CLANG_ENABLE_OBJC_WEAK = YES;
				CLANG_WARN_BLOCK_CAPTURE_AUTORELEASING = YES;
				CLANG_WARN_BOOL_CONVERSION = YES;
				CLANG_WARN_COMMA = YES;
				CLANG_WARN_CONSTANT_CONVERSION = YES;
				CLANG_WARN_DEPRECATED_OBJC_IMPLEMENTATIONS = YES;
				CLANG_WARN_DIRECT_OBJC_ISA_USAGE = YES_ERROR;
				CLANG_WARN_DOCUMENTATION_COMMENTS = YES;
				CLANG_WARN_EMPTY_BODY = YES;
				CLANG_WARN_ENUM_CONVERSION = YES;
				CLANG_WARN_INFINITE_RECURSION = YES;
				CLANG_WARN_INT_CONVERSION = YES;
				CLANG_WARN_NON_LITERAL_NULL_CONVERSION = YES;
				CLANG_WARN_OBJC_IMPLICIT_RETAIN_SELF = YES;
				CLANG_WARN_OBJC_LITERAL_CONVERSION = YES;
				CLANG_WARN_OBJC_ROOT_CLASS = YES_ERROR;
				CLANG_WARN_QUOTED_INCLUDE_IN_FRAMEWORK_HEADER = YES;
				CLANG_WARN_RANGE_LOOP_ANALYSIS = YES;
				CLANG_WARN_STRICT_PROTOTYPES = YES;
				CLANG_WARN_SUSPICIOUS_MOVE = YES;
				CLANG_WARN_UNGUARDED_AVAILABILITY = YES_AGGRESSIVE;
				CLANG_WARN_UNREACHABLE_CODE = YES;
				CLANG_WARN__DUPLICATE_METHOD_MATCH = YES;
				COPY_PHASE_STRIP = NO;
				DEBUG_INFORMATION_FORMAT = "dwarf-with-dsym";
				ENABLE_NS_ASSERTIONS = NO;
				ENABLE_STRICT_OBJC_MSGSEND = YES;
				GCC_C_LANGUAGE_STANDARD = gnu11;
				GCC_NO_COMMON_BLOCKS = YES;
				GCC_WARN_64_TO_32_BIT_CONVERSION = YES;
				GCC_WARN_ABOUT_RETURN_TYPE = YES_ERROR;
				GCC_WARN_UNDECLARED_SELECTOR = YES;
				GCC_WARN_UNINITIALIZED_AUTOS = YES_AGGRESSIVE;
				GCC_WARN_UNUSED_FUNCTION = YES;
				GCC_WARN_UNUSED_VARIABLE = YES;
				IPHONEOS_DEPLOYMENT_TARGET = 15.2;
				MTL_ENABLE_DEBUG_INFO = NO;
				MTL_FAST_MATH = YES;
				SDKROOT = iphoneos;
				SWIFT_COMPILATION_MODE = wholemodule;
				SWIFT_OPTIMIZATION_LEVEL = "-O";
				VALIDATE_PRODUCT = YES;
			};
			name = Release;
		};
		ACC676F227C4F29900926C71 /* Debug */ = {
			isa = XCBuildConfiguration;
			buildSettings = {
				ASSETCATALOG_COMPILER_APPICON_NAME = AppIcon;
				ASSETCATALOG_COMPILER_GLOBAL_ACCENT_COLOR_NAME = AccentColor;
				CODE_SIGN_STYLE = Automatic;
				CURRENT_PROJECT_VERSION = 1;
				GENERATE_INFOPLIST_FILE = YES;
				INFOPLIST_FILE = TestApp/Info.plist;
				INFOPLIST_KEY_UIApplicationSupportsIndirectInputEvents = YES;
				INFOPLIST_KEY_UILaunchStoryboardName = LaunchScreen;
				INFOPLIST_KEY_UIMainStoryboardFile = Main;
				INFOPLIST_KEY_UISupportedInterfaceOrientations_iPad = "UIInterfaceOrientationPortrait UIInterfaceOrientationPortraitUpsideDown UIInterfaceOrientationLandscapeLeft UIInterfaceOrientationLandscapeRight";
				INFOPLIST_KEY_UISupportedInterfaceOrientations_iPhone = "UIInterfaceOrientationPortrait UIInterfaceOrientationLandscapeLeft UIInterfaceOrientationLandscapeRight";
				LD_RUNPATH_SEARCH_PATHS = (
					"$(inherited)",
					"@executable_path/Frameworks",
				);
				MARKETING_VERSION = 1.0;
				PRODUCT_BUNDLE_IDENTIFIER = com.ios.hp.TestApp;
				PRODUCT_NAME = "$(TARGET_NAME)";
				SWIFT_EMIT_LOC_STRINGS = YES;
				SWIFT_VERSION = 5.0;
				TARGETED_DEVICE_FAMILY = "1,2";
			};
			name = Debug;
		};
		ACC676F327C4F29900926C71 /* Release */ = {
			isa = XCBuildConfiguration;
			buildSettings = {
				ASSETCATALOG_COMPILER_APPICON_NAME = AppIcon;
				ASSETCATALOG_COMPILER_GLOBAL_ACCENT_COLOR_NAME = AccentColor;
				CODE_SIGN_STYLE = Automatic;
				CURRENT_PROJECT_VERSION = 1;
				GENERATE_INFOPLIST_FILE = YES;
				INFOPLIST_FILE = TestApp/Info.plist;
				INFOPLIST_KEY_UIApplicationSupportsIndirectInputEvents = YES;
				INFOPLIST_KEY_UILaunchStoryboardName = LaunchScreen;
				INFOPLIST_KEY_UIMainStoryboardFile = Main;
				INFOPLIST_KEY_UISupportedInterfaceOrientations_iPad = "UIInterfaceOrientationPortrait UIInterfaceOrientationPortraitUpsideDown UIInterfaceOrientationLandscapeLeft UIInterfaceOrientationLandscapeRight";
				INFOPLIST_KEY_UISupportedInterfaceOrientations_iPhone = "UIInterfaceOrientationPortrait UIInterfaceOrientationLandscapeLeft UIInterfaceOrientationLandscapeRight";
				LD_RUNPATH_SEARCH_PATHS = (
					"$(inherited)",
					"@executable_path/Frameworks",
				);
				MARKETING_VERSION = 1.0;
				PRODUCT_BUNDLE_IDENTIFIER = com.ios.hp.TestApp;
				PRODUCT_NAME = "$(TARGET_NAME)";
				SWIFT_EMIT_LOC_STRINGS = YES;
				SWIFT_VERSION = 5.0;
				TARGETED_DEVICE_FAMILY = "1,2";
			};
			name = Release;
		};
/* End XCBuildConfiguration section */

/* Begin XCConfigurationList section */
		ACC676D527C4F29700926C71 /* Build configuration list for PBXProject "TestApp" */ = {
			isa = XCConfigurationList;
			buildConfigurations = (
				ACC676EF27C4F29900926C71 /* Debug */,
				ACC676F027C4F29900926C71 /* Release */,
			);
			defaultConfigurationIsVisible = 0;
			defaultConfigurationName = Release;
		};
		ACC676F127C4F29900926C71 /* Build configuration list for PBXNativeTarget "TestApp" */ = {
			isa = XCConfigurationList;
			buildConfigurations = (
				ACC676F227C4F29900926C71 /* Debug */,
				ACC676F327C4F29900926C71 /* Release */,
			);
			defaultConfigurationIsVisible = 0;
			defaultConfigurationName = Release;
		};
/* End XCConfigurationList section */

/* Begin XCVersionGroup section */
		ACC676E627C4F29700926C71 /* TestApp.xcdatamodeld */ = {
			isa = XCVersionGroup;
			children = (
				ACC676E727C4F29700926C71 /* TestApp.xcdatamodel */,
			);
			currentVersion = ACC676E727C4F29700926C71 /* TestApp.xcdatamodel */;
			path = TestApp.xcdatamodeld;
			sourceTree = "<group>";
			versionGroupType = wrapper.xcdatamodel;
		};
/* End XCVersionGroup section */
	};
	rootObject = ACC676D227C4F29700926C71 /* Project object */;
}
